
Microsoft Visual Studio Solution File, Format Version 12.00
# Visual Studio Version 17
VisualStudioVersion = 17.7.34018.315
MinimumVisualStudioVersion = 10.0.40219.1
Project("{FAE04EC0-301F-11D3-BF4B-00C04F79EFBC}") = "inlämning5.6", "inlämning5.6\inlämning5.6.csproj", "{DC8BA761-9FDC-4C90-8A95-DD12B0699300}"
EndProject
Global
	GlobalSection(SolutionConfigurationPlatforms) = preSolution
		Debug|Any CPU = Debug|Any CPU
		Release|Any CPU = Release|Any CPU
	EndGlobalSection
	GlobalSection(ProjectConfigurationPlatforms) = postSolution
		{DC8BA761-9FDC-4C90-8A95-DD12B0699300}.Debug|Any CPU.ActiveCfg = Debug|Any CPU
		{DC8BA761-9FDC-4C90-8A95-DD12B0699300}.Debug|Any CPU.Build.0 = Debug|Any CPU
		{DC8BA761-9FDC-4C90-8A95-DD12B0699300}.Release|Any CPU.ActiveCfg = Release|Any CPU
		{DC8BA761-9FDC-4C90-8A95-DD12B0699300}.Release|Any CPU.Build.0 = Release|Any CPU
	EndGlobalSection
	GlobalSection(SolutionProperties) = preSolution
		HideSolutionNode = FALSE
	EndGlobalSection
	GlobalSection(ExtensibilityGlobals) = postSolution
		SolutionGuid = {C1D4D87D-D59C-4C65-9126-8F3C100CC791}
	EndGlobalSection
EndGlobal
